# THIS IS AN AUTOGENERATED FILE. DO NOT EDIT THIS FILE DIRECTLY.
# yarn lockfile v1


parcel-plugin-clean-dist@^0.0.6:
  version "0.0.6"
  resolved "https://registry.yarnpkg.com/parcel-plugin-clean-dist/-/parcel-plugin-clean-dist-0.0.6.tgz#e3da68aaadc19b258c111fc114fe68e7866bf4fb"
  integrity sha512-zzPY/ORCzkV+V7nfyYlONLrBithrx6orJjepdBoqqb9myeV9zQZUoBY41i3QkSSnQX7ilGmWDALX2XlxC6z7Fw==
